<?xml version="1.0" encoding="utf-8"?>
<Project ToolsVersion="4.0" xmlns="http://schemas.microsoft.com/developer/msbuild/2003">
  <ItemGroup>
    <None Include="Doxyfile" />
    <None Include="ReadMe.txt" />
  </ItemGroup>
  <ItemGroup>
    <ClCompile Include="Acao.cpp" />
    <ClCompile Include="AcaoAnimar.cpp" />
    <ClCompile Include="AcaoCallback.cpp" />
    <ClCompile Include="AcaoInstantanea.cpp" />
    <ClCompile Include="AcaoTemporal.cpp" />
    <ClCompile Include="Animacao.cpp" />
    <ClCompile Include="Camada.cpp" />
    <ClCompile Include="Cena.cpp" />
    <ClCompile Include="Colecoes.cpp" />
    <ClCompile Include="Collision.cpp" />
    <ClCompile Include="Diretor.cpp" />
    <ClCompile Include="Grupo.cpp" />
    <ClCompile Include="MoverAte.cpp" />
    <ClCompile Include="Nodo.cpp" />
    <ClCompile Include="Sequencia.cpp" />
    <ClCompile Include="Sprite.cpp" />
    <ClCompile Include="Tile.cpp" />
    <ClCompile Include="TileCache.cpp" />
    <ClCompile Include="Tilemap.cpp" />
  </ItemGroup>
  <ItemGroup>
    <ClInclude Include="Acao.h" />
    <ClInclude Include="AcaoAnimar.h" />
    <ClInclude Include="AcaoCallback.h" />
    <ClInclude Include="AcaoInstantanea.h" />
    <ClInclude Include="AcaoTemporal.h" />
    <ClInclude Include="Animacao.h" />
    <ClInclude Include="Camada.h" />
    <ClInclude Include="Cena.h" />
    <ClInclude Include="Colecoes.h" />
    <ClInclude Include="Collision.h" />
    <ClInclude Include="Cor.h" />
    <ClInclude Include="DefineDll.h" />
    <ClInclude Include="Diretor.h" />
    <ClInclude Include="Edda.h" />
    <ClInclude Include="Grupo.h" />
    <ClInclude Include="MoverAte.h" />
    <ClInclude Include="Nodo.h" />
    <ClInclude Include="Ponto.h" />
    <ClInclude Include="Sequencia.h" />
    <ClInclude Include="Sprite.h" />
    <ClInclude Include="targetver.h" />
    <ClInclude Include="Tilemap.h" />
  </ItemGroup>
</Project>